// !$*UTF8*$!
{
	archiveVersion = 1;
	classes = {
	};
	objectVersion = 46;
	objects = {

/* Begin PBXBuildFile section */
		1C124A201CEC705D00EC1200 /* main.m in Sources */ = {isa = PBXBuildFile; fileRef = 1C124A1F1CEC705D00EC1200 /* main.m */; };
		1C124A231CEC705D00EC1200 /* AppDelegate.m in Sources */ = {isa = PBXBuildFile; fileRef = 1C124A221CEC705D00EC1200 /* AppDelegate.m */; };
		1C124A2B1CEC705D00EC1200 /* Assets.xcassets in Resources */ = {isa = PBXBuildFile; fileRef = 1C124A2A1CEC705D00EC1200 /* Assets.xcassets */; };
		1C124A2E1CEC705D00EC1200 /* LaunchScreen.storyboard in Resources */ = {isa = PBXBuildFile; fileRef = 1C124A2C1CEC705D00EC1200 /* LaunchScreen.storyboard */; };
		1CFF3A831CEC8BB000C71502 /* MainViewController.m in Sources */ = {isa = PBXBuildFile; fileRef = 1CFF3A811CEC8BB000C71502 /* MainViewController.m */; };
		1CFF3A841CEC8BB000C71502 /* MainViewController.xib in Resources */ = {isa = PBXBuildFile; fileRef = 1CFF3A821CEC8BB000C71502 /* MainViewController.xib */; };
		1CFF3A871CEC8BD900C71502 /* CustomView.m in Sources */ = {isa = PBXBuildFile; fileRef = 1CFF3A861CEC8BD900C71502 /* CustomView.m */; };
		1CFF3A891CEC8BE900C71502 /* CustomView.xib in Resources */ = {isa = PBXBuildFile; fileRef = 1CFF3A881CEC8BE900C71502 /* CustomView.xib */; };
		34D81356FCD24C7BB9E4739B /* libPods.a in Frameworks */ = {isa = PBXBuildFile; fileRef = F5C479517193C814EFA9BE30 /* libPods.a */; };
/* End PBXBuildFile section */

/* Begin PBXFileReference section */
		1C124A1B1CEC705D00EC1200 /* Sample20160518.app */ = {isa = PBXFileReference; explicitFileType = wrapper.application; includeInIndex = 0; path = Sample20160518.app; sourceTree = BUILT_PRODUCTS_DIR; };
		1C124A1F1CEC705D00EC1200 /* main.m */ = {isa = PBXFileReference; lastKnownFileType = sourcecode.c.objc; path = main.m; sourceTree = "<group>"; };
		1C124A211CEC705D00EC1200 /* AppDelegate.h */ = {isa = PBXFileReference; lastKnownFileType = sourcecode.c.h; path = AppDelegate.h; sourceTree = "<group>"; };
		1C124A221CEC705D00EC1200 /* AppDelegate.m */ = {isa = PBXFileReference; lastKnownFileType = sourcecode.c.objc; path = AppDelegate.m; sourceTree = "<group>"; };
		1C124A2A1CEC705D00EC1200 /* Assets.xcassets */ = {isa = PBXFileReference; lastKnownFileType = folder.assetcatalog; path = Assets.xcassets; sourceTree = "<group>"; };
		1C124A2D1CEC705D00EC1200 /* Base */ = {isa = PBXFileReference; lastKnownFileType = file.storyboard; name = Base; path = Base.lproj/LaunchScreen.storyboard; sourceTree = "<group>"; };
		1C124A2F1CEC705D00EC1200 /* Info.plist */ = {isa = PBXFileReference; lastKnownFileType = text.plist.xml; path = Info.plist; sourceTree = "<group>"; };
		1CFF3A801CEC8BB000C71502 /* MainViewController.h */ = {isa = PBXFileReference; fileEncoding = 4; lastKnownFileType = sourcecode.c.h; path = MainViewController.h; sourceTree = "<group>"; };
		1CFF3A811CEC8BB000C71502 /* MainViewController.m */ = {isa = PBXFileReference; fileEncoding = 4; lastKnownFileType = sourcecode.c.objc; path = MainViewController.m; sourceTree = "<group>"; };
		1CFF3A821CEC8BB000C71502 /* MainViewController.xib */ = {isa = PBXFileReference; fileEncoding = 4; lastKnownFileType = file.xib; path = MainViewController.xib; sourceTree = "<group>"; };
		1CFF3A851CEC8BD900C71502 /* CustomView.h */ = {isa = PBXFileReference; fileEncoding = 4; lastKnownFileType = sourcecode.c.h; path = CustomView.h; sourceTree = "<group>"; };
		1CFF3A861CEC8BD900C71502 /* CustomView.m */ = {isa = PBXFileReference; fileEncoding = 4; lastKnownFileType = sourcecode.c.objc; path = CustomView.m; sourceTree = "<group>"; };
		1CFF3A881CEC8BE900C71502 /* CustomView.xib */ = {isa = PBXFileReference; fileEncoding = 4; lastKnownFileType = file.xib; path = CustomView.xib; sourceTree = "<group>"; };
		DA44A39291535D22FD53CCEE /* Pods.release.xcconfig */ = {isa = PBXFileReference; includeInIndex = 1; lastKnownFileType = text.xcconfig; name = Pods.release.xcconfig; path = "Pods/Target Support Files/Pods/Pods.release.xcconfig"; sourceTree = "<group>"; };
		DE7FC902A62FC839DA29AC46 /* Pods.debug.xcconfig */ = {isa = PBXFileReference; includeInIndex = 1; lastKnownFileType = text.xcconfig; name = Pods.debug.xcconfig; path = "Pods/Target Support Files/Pods/Pods.debug.xcconfig"; sourceTree = "<group>"; };
		F5C479517193C814EFA9BE30 /* libPods.a */ = {isa = PBXFileReference; explicitFileType = archive.ar; includeInIndex = 0; path = libPods.a; sourceTree = BUILT_PRODUCTS_DIR; };
/* End PBXFileReference section */

/* Begin PBXFrameworksBuildPhase section */
		1C124A181CEC705D00EC1200 /* Frameworks */ = {
			isa = PBXFrameworksBuildPhase;
			buildActionMask = 2147483647;
			files = (
				34D81356FCD24C7BB9E4739B /* libPods.a in Frameworks */,
			);
			runOnlyForDeploymentPostprocessing = 0;
		};
/* End PBXFrameworksBuildPhase section */

/* Begin PBXGroup section */
		1C124A121CEC705D00EC1200 = {
			isa = PBXGroup;
			children = (
				1C124A1D1CEC705D00EC1200 /* Sample20160518 */,
				1C124A1C1CEC705D00EC1200 /* Products */,
				B6E8BF894EDB405C1158446F /* Pods */,
				213F4186DB780075C809ED26 /* Frameworks */,
			);
			sourceTree = "<group>";
		};
		1C124A1C1CEC705D00EC1200 /* Products */ = {
			isa = PBXGroup;
			children = (
				1C124A1B1CEC705D00EC1200 /* Sample20160518.app */,
			);
			name = Products;
			sourceTree = "<group>";
		};
		1C124A1D1CEC705D00EC1200 /* Sample20160518 */ = {
			isa = PBXGroup;
			children = (
				1CFF3A7E1CEC8BB000C71502 /* View */,
				1CFF3A7F1CEC8BB000C71502 /* ViewController */,
				1C124A211CEC705D00EC1200 /* AppDelegate.h */,
				1C124A221CEC705D00EC1200 /* AppDelegate.m */,
				1C124A2A1CEC705D00EC1200 /* Assets.xcassets */,
				1C124A2C1CEC705D00EC1200 /* LaunchScreen.storyboard */,
				1C124A2F1CEC705D00EC1200 /* Info.plist */,
				1C124A1E1CEC705D00EC1200 /* Supporting Files */,
			);
			path = Sample20160518;
			sourceTree = "<group>";
		};
		1C124A1E1CEC705D00EC1200 /* Supporting Files */ = {
			isa = PBXGroup;
			children = (
				1C124A1F1CEC705D00EC1200 /* main.m */,
			);
			name = "Supporting Files";
			sourceTree = "<group>";
		};
		1CFF3A7E1CEC8BB000C71502 /* View */ = {
			isa = PBXGroup;
			children = (
				1CFF3A851CEC8BD900C71502 /* CustomView.h */,
				1CFF3A861CEC8BD900C71502 /* CustomView.m */,
				1CFF3A881CEC8BE900C71502 /* CustomView.xib */,
			);
			path = View;
			sourceTree = "<group>";
		};
		1CFF3A7F1CEC8BB000C71502 /* ViewController */ = {
			isa = PBXGroup;
			children = (
				1CFF3A801CEC8BB000C71502 /* MainViewController.h */,
				1CFF3A811CEC8BB000C71502 /* MainViewController.m */,
				1CFF3A821CEC8BB000C71502 /* MainViewController.xib */,
			);
			path = ViewController;
			sourceTree = "<group>";
		};
		213F4186DB780075C809ED26 /* Frameworks */ = {
			isa = PBXGroup;
			children = (
				F5C479517193C814EFA9BE30 /* libPods.a */,
			);
			name = Frameworks;
			sourceTree = "<group>";
		};
		B6E8BF894EDB405C1158446F /* Pods */ = {
			isa = PBXGroup;
			children = (
				DE7FC902A62FC839DA29AC46 /* Pods.debug.xcconfig */,
				DA44A39291535D22FD53CCEE /* Pods.release.xcconfig */,
			);
			name = Pods;
			sourceTree = "<group>";
		};
/* End PBXGroup section */

/* Begin PBXNativeTarget section */
		1C124A1A1CEC705D00EC1200 /* Sample20160518 */ = {
			isa = PBXNativeTarget;
			buildConfigurationList = 1C124A321CEC705D00EC1200 /* Build configuration list for PBXNativeTarget "Sample20160518" */;
			buildPhases = (
				F579DCC880CBA5F7B8FE7088 /* Check Pods Manifest.lock */,
				1C124A171CEC705D00EC1200 /* Sources */,
				1C124A181CEC705D00EC1200 /* Frameworks */,
				1C124A191CEC705D00EC1200 /* Resources */,
				6DAB2F46498744A7E2A4E0A3 /* Embed Pods Frameworks */,
				26B4CC601E10D5A8F25C808F /* Copy Pods Resources */,
			);
			buildRules = (
			);
			dependencies = (
			);
			name = Sample20160518;
			productName = Sample20160518;
			productReference = 1C124A1B1CEC705D00EC1200 /* Sample20160518.app */;
			productType = "com.apple.product-type.application";
		};
/* End PBXNativeTarget section */

/* Begin PBXProject section */
		1C124A131CEC705D00EC1200 /* Project object */ = {
			isa = PBXProject;
			attributes = {
				LastUpgradeCheck = 0730;
				ORGANIZATIONNAME = DaidoujiChen;
				TargetAttributes = {
					1C124A1A1CEC705D00EC1200 = {
						CreatedOnToolsVersion = 7.3.1;
					};
				};
			};
			buildConfigurationList = 1C124A161CEC705D00EC1200 /* Build configuration list for PBXProject "Sample20160518" */;
			compatibilityVersion = "Xcode 3.2";
			developmentRegion = English;
			hasScannedForEncodings = 0;
			knownRegions = (
				en,
				Base,
			);
			mainGroup = 1C124A121CEC705D00EC1200;
			productRefGroup = 1C124A1C1CEC705D00EC1200 /* Products */;
			projectDirPath = "";
			projectRoot = "";
			targets = (
				1C124A1A1CEC705D00EC1200 /* Sample20160518 */,
			);
		};
/* End PBXProject section */

/* Begin PBXResourcesBuildPhase section */
		1C124A191CEC705D00EC1200 /* Resources */ = {
			isa = PBXResourcesBuildPhase;
			buildActionMask = 2147483647;
			files = (
				1C124A2E1CEC705D00EC1200 /* LaunchScreen.storyboard in Resources */,
				1CFF3A891CEC8BE900C71502 /* CustomView.xib in Resources */,
				1CFF3A841CEC8BB000C71502 /* MainViewController.xib in Resources */,
				1C124A2B1CEC705D00EC1200 /* Assets.xcassets in Resources */,
			);
			runOnlyForDeploymentPostprocessing = 0;
		};
/* End PBXResourcesBuildPhase section */

/* Begin PBXShellScriptBuildPhase section */
		26B4CC601E10D5A8F25C808F /* Copy Pods Resources */ = {
			isa = PBXShellScriptBuildPhase;
			buildActionMask = 2147483647;
			files = (
			);
			inputPaths = (
			);
			name = "Copy Pods Resources";
			outputPaths = (
			);
			runOnlyForDeploymentPostprocessing = 0;
			shellPath = /bin/sh;
			shellScript = "\"${SRCROOT}/Pods/Target Support Files/Pods/Pods-resources.sh\"\n";
			showEnvVarsInLog = 0;
		};
		6DAB2F46498744A7E2A4E0A3 /* Embed Pods Frameworks */ = {
			isa = PBXShellScriptBuildPhase;
			buildActionMask = 2147483647;
			files = (
			);
			inputPaths = (
			);
			name = "Embed Pods Frameworks";
			outputPaths = (
			);
			runOnlyForDeploymentPostprocessing = 0;
			shellPath = /bin/sh;
			shellScript = "\"${SRCROOT}/Pods/Target Support Files/Pods/Pods-frameworks.sh\"\n";
			showEnvVarsInLog = 0;
		};
		F579DCC880CBA5F7B8FE7088 /* Check Pods Manifest.lock */ = {
			isa = PBXShellScriptBuildPhase;
			buildActionMask = 2147483647;
			files = (
			);
			inputPaths = (
			);
			name = "Check Pods Manifest.lock";
			outputPaths = (
			);
			runOnlyForDeploymentPostprocessing = 0;
			shellPath = /bin/sh;
			shellScript = "diff \"${PODS_ROOT}/../Podfile.lock\" \"${PODS_ROOT}/Manifest.lock\" > /dev/null\nif [[ $? != 0 ]] ; then\n    cat << EOM\nerror: The sandbox is not in sync with the Podfile.lock. Run 'pod install' or update your CocoaPods installation.\nEOM\n    exit 1\nfi\n";
			showEnvVarsInLog = 0;
		};
/* End PBXShellScriptBuildPhase section */

/* Begin PBXSourcesBuildPhase section */
		1C124A171CEC705D00EC1200 /* Sources */ = {
			isa = PBXSourcesBuildPhase;
			buildActionMask = 2147483647;
			files = (
				1C124A231CEC705D00EC1200 /* AppDelegate.m in Sources */,
				1CFF3A871CEC8BD900C71502 /* CustomView.m in Sources */,
				1CFF3A831CEC8BB000C71502 /* MainViewController.m in Sources */,
				1C124A201CEC705D00EC1200 /* main.m in Sources */,
			);
			runOnlyForDeploymentPostprocessing = 0;
		};
/* End PBXSourcesBuildPhase section */

/* Begin PBXVariantGroup section */
		1C124A2C1CEC705D00EC1200 /* LaunchScreen.storyboard */ = {
			isa = PBXVariantGroup;
			children = (
				1C124A2D1CEC705D00EC1200 /* Base */,
			);
			name = LaunchScreen.storyboard;
			sourceTree = "<group>";
		};
/* End PBXVariantGroup section */

/* Begin XCBuildConfiguration section */
		1C124A301CEC705D00EC1200 /* Debug */ = {
			isa = XCBuildConfiguration;
			buildSettings = {
				ALWAYS_SEARCH_USER_PATHS = NO;
				CLANG_ANALYZER_NONNULL = YES;
				CLANG_CXX_LANGUAGE_STANDARD = "gnu++0x";
				CLANG_CXX_LIBRARY = "libc++";
				CLANG_ENABLE_MODULES = YES;
				CLANG_ENABLE_OBJC_ARC = YES;
				CLANG_WARN_BOOL_CONVERSION = YES;
				CLANG_WARN_CONSTANT_CONVERSION = YES;
				CLANG_WARN_DIRECT_OBJC_ISA_USAGE = YES_ERROR;
				CLANG_WARN_EMPTY_BODY = YES;
				CLANG_WARN_ENUM_CONVERSION = YES;
				CLANG_WARN_INT_CONVERSION = YES;
				CLANG_WARN_OBJC_ROOT_CLASS = YES_ERROR;
				CLANG_WARN_UNREACHABLE_CODE = YES;
				CLANG_WARN__DUPLICATE_METHOD_MATCH = YES;
				"CODE_SIGN_IDENTITY[sdk=iphoneos*]" = "iPhone Developer";
				COPY_PHASE_STRIP = NO;
				DEBUG_INFORMATION_FORMAT = dwarf;
				ENABLE_STRICT_OBJC_MSGSEND = YES;
				ENABLE_TESTABILITY = YES;
				GCC_C_LANGUAGE_STANDARD = gnu99;
				GCC_DYNAMIC_NO_PIC = NO;
				GCC_NO_COMMON_BLOCKS = YES;
				GCC_OPTIMIZATION_LEVEL = 0;
				GCC_PREPROCESSOR_DEFINITIONS = (
					"DEBUG=1",
					"$(inherited)",
				);
				GCC_WARN_64_TO_32_BIT_CONVERSION = YES;
				GCC_WARN_ABOUT_RETURN_TYPE = YES_ERROR;
				GCC_WARN_UNDECLARED_SELECTOR = YES;
				GCC_WARN_UNINITIALIZED_AUTOS = YES_AGGRESSIVE;
				GCC_WARN_UNUSED_FUNCTION = YES;
				GCC_WARN_UNUSED_VARIABLE = YES;
				IPHONEOS_DEPLOYMENT_TARGET = 9.3;
				MTL_ENABLE_DEBUG_INFO = YES;
				ONLY_ACTIVE_ARCH = YES;
				SDKROOT = iphoneos;
			};
			name = Debug;
		};
		1C124A311CEC705D00EC1200 /* Release */ = {
			isa = XCBuildConfiguration;
			buildSettings = {
				ALWAYS_SEARCH_USER_PATHS = NO;
				CLANG_ANALYZER_NONNULL = YES;
				CLANG_CXX_LANGUAGE_STANDARD = "gnu++0x";
				CLANG_CXX_LIBRARY = "libc++";
				CLANG_ENABLE_MODULES = YES;
				CLANG_ENABLE_OBJC_ARC = YES;
				CLANG_WARN_BOOL_CONVERSION = YES;
				CLANG_WARN_CONSTANT_CONVERSION = YES;
				CLANG_WARN_DIRECT_OBJC_ISA_USAGE = YES_ERROR;
				CLANG_WARN_EMPTY_BODY = YES;
				CLANG_WARN_ENUM_CONVERSION = YES;
				CLANG_WARN_INT_CONVERSION = YES;
				CLANG_WARN_OBJC_ROOT_CLASS = YES_ERROR;
				CLANG_WARN_UNREACHABLE_CODE = YES;
				CLANG_WARN__DUPLICATE_METHOD_MATCH = YES;
				"CODE_SIGN_IDENTITY[sdk=iphoneos*]" = "iPhone Developer";
				COPY_PHASE_STRIP = NO;
				DEBUG_INFORMATION_FORMAT = "dwarf-with-dsym";
				ENABLE_NS_ASSERTIONS = NO;
				ENABLE_STRICT_OBJC_MSGSEND = YES;
				GCC_C_LANGUAGE_STANDARD = gnu99;
				GCC_NO_COMMON_BLOCKS = YES;
				GCC_WARN_64_TO_32_BIT_CONVERSION = YES;
				GCC_WARN_ABOUT_RETURN_TYPE = YES_ERROR;
				GCC_WARN_UNDECLARED_SELECTOR = YES;
				GCC_WARN_UNINITIALIZED_AUTOS = YES_AGGRESSIVE;
				GCC_WARN_UNUSED_FUNCTION = YES;
				GCC_WARN_UNUSED_VARIABLE = YES;
				IPHONEOS_DEPLOYMENT_TARGET = 9.3;
				MTL_ENABLE_DEBUG_INFO = NO;
				SDKROOT = iphoneos;
				VALIDATE_PRODUCT = YES;
			};
			name = Release;
		};
		1C124A331CEC705D00EC1200 /* Debug */ = {
			isa = XCBuildConfiguration;
			baseConfigurationReference = DE7FC902A62FC839DA29AC46 /* Pods.debug.xcconfig */;
			buildSettings = {
				ASSETCATALOG_COMPILER_APPICON_NAME = AppIcon;
				INFOPLIST_FILE = Sample20160518/Info.plist;
				LD_RUNPATH_SEARCH_PATHS = "$(inherited) @executable_path/Frameworks";
				PRODUCT_BUNDLE_IDENTIFIER = tw.daidouji.Sample20160518;
				PRODUCT_NAME = "$(TARGET_NAME)";
			};
			name = Debug;
		};
		1C124A341CEC705D00EC1200 /* Release */ = {
			isa = XCBuildConfiguration;
			baseConfigurationReference = DA44A39291535D22FD53CCEE /* Pods.release.xcconfig */;
			buildSettings = {
				ASSETCATALOG_COMPILER_APPICON_NAME = AppIcon;
				INFOPLIST_FILE = Sample20160518/Info.plist;
				LD_RUNPATH_SEARCH_PATHS = "$(inherited) @executable_path/Frameworks";
				PRODUCT_BUNDLE_IDENTIFIER = tw.daidouji.Sample20160518;
				PRODUCT_NAME = "$(TARGET_NAME)";
			};
			name = Release;
		};
/* End XCBuildConfiguration section */

/* Begin XCConfigurationList section */
		1C124A161CEC705D00EC1200 /* Build configuration list for PBXProject "Sample20160518" */ = {
			isa = XCConfigurationList;
			buildConfigurations = (
				1C124A301CEC705D00EC1200 /* Debug */,
				1C124A311CEC705D00EC1200 /* Release */,
			);
			defaultConfigurationIsVisible = 0;
			defaultConfigurationName = Release;
		};
		1C124A321CEC705D00EC1200 /* Build configuration list for PBXNativeTarget "Sample20160518" */ = {
			isa = XCConfigurationList;
			buildConfigurations = (
				1C124A331CEC705D00EC1200 /* Debug */,
				1C124A341CEC705D00EC1200 /* Release */,
			);
			defaultConfigurationIsVisible = 0;
			defaultConfigurationName = Release;
		};
/* End XCConfigurationList section */
	};
	rootObject = 1C124A131CEC705D00EC1200 /* Project object */;
}
